
Microsoft Visual Studio Solution File, Format Version 12.00
# Visual Studio Version 16
VisualStudioVersion = 16.0.30804.86
MinimumVisualStudioVersion = 10.0.40219.1
Project("{9A19103F-16F7-4668-BE54-9A1E7A4F7556}") = "TreeData.ConsoleApp", "TreeData.ConsoleApp\TreeData.ConsoleApp.csproj", "{D12267E5-B17E-4509-BE25-90C0CE2A8E7B}"
EndProject
Project("{9A19103F-16F7-4668-BE54-9A1E7A4F7556}") = "TreeData.Library", "TreeData.Library\TreeData.Library.csproj", "{5B488643-AEB3-4AD6-8855-67B6F714D2A0}"
EndProject
Project("{FAE04EC0-301F-11D3-BF4B-00C04F79EFBC}") = "FolderViewer.Blazor", "FolderViewer.Blazor\FolderViewer.Blazor.csproj", "{986B9AE2-57DA-4143-9D58-A5626A61CE99}"
EndProject
Global
	GlobalSection(SolutionConfigurationPlatforms) = preSolution
		Debug|Any CPU = Debug|Any CPU
		Release|Any CPU = Release|Any CPU
	EndGlobalSection
	GlobalSection(ProjectConfigurationPlatforms) = postSolution
		{D12267E5-B17E-4509-BE25-90C0CE2A8E7B}.Debug|Any CPU.ActiveCfg = Debug|Any CPU
		{D12267E5-B17E-4509-BE25-90C0CE2A8E7B}.Debug|Any CPU.Build.0 = Debug|Any CPU
		{D12267E5-B17E-4509-BE25-90C0CE2A8E7B}.Release|Any CPU.ActiveCfg = Release|Any CPU
		{D12267E5-B17E-4509-BE25-90C0CE2A8E7B}.Release|Any CPU.Build.0 = Release|Any CPU
		{5B488643-AEB3-4AD6-8855-67B6F714D2A0}.Debug|Any CPU.ActiveCfg = Debug|Any CPU
		{5B488643-AEB3-4AD6-8855-67B6F714D2A0}.Debug|Any CPU.Build.0 = Debug|Any CPU
		{5B488643-AEB3-4AD6-8855-67B6F714D2A0}.Release|Any CPU.ActiveCfg = Release|Any CPU
		{5B488643-AEB3-4AD6-8855-67B6F714D2A0}.Release|Any CPU.Build.0 = Release|Any CPU
		{986B9AE2-57DA-4143-9D58-A5626A61CE99}.Debug|Any CPU.ActiveCfg = Debug|Any CPU
		{986B9AE2-57DA-4143-9D58-A5626A61CE99}.Debug|Any CPU.Build.0 = Debug|Any CPU
		{986B9AE2-57DA-4143-9D58-A5626A61CE99}.Release|Any CPU.ActiveCfg = Release|Any CPU
		{986B9AE2-57DA-4143-9D58-A5626A61CE99}.Release|Any CPU.Build.0 = Release|Any CPU
	EndGlobalSection
	GlobalSection(SolutionProperties) = preSolution
		HideSolutionNode = FALSE
	EndGlobalSection
	GlobalSection(ExtensibilityGlobals) = postSolution
		SolutionGuid = {95BAF720-D563-451F-916B-13D5905535EA}
	EndGlobalSection
EndGlobal
